
Microsoft Visual Studio Solution File, Format Version 12.00
# Visual Studio 15
VisualStudioVersion = 15.0.28307.421
MinimumVisualStudioVersion = 10.0.40219.1
Project("{FAE04EC0-301F-11D3-BF4B-00C04F79EFBC}") = "Projektni", "Projektni\Projektni.csproj", "{1098E43C-E135-4ED6-B5E6-C4C00C62D8A1}"
EndProject
Project("{FAE04EC0-301F-11D3-BF4B-00C04F79EFBC}") = "Domen", "Domen\Domen.csproj", "{693469DC-4C15-4E3B-9334-E8A2B75D54EB}"
EndProject
Project("{FAE04EC0-301F-11D3-BF4B-00C04F79EFBC}") = "Server", "Server\Server.csproj", "{0680D55E-73A6-4A06-A63F-CC5DBAFFE85F}"
EndProject
Project("{FAE04EC0-301F-11D3-BF4B-00C04F79EFBC}") = "Sesija", "Sesija\Sesija.csproj", "{697EC796-2B48-4A70-B541-A7A67B1E1AA0}"
EndProject
Global
	GlobalSection(SolutionConfigurationPlatforms) = preSolution
		Debug|Any CPU = Debug|Any CPU
		Release|Any CPU = Release|Any CPU
	EndGlobalSection
	GlobalSection(ProjectConfigurationPlatforms) = postSolution
		{1098E43C-E135-4ED6-B5E6-C4C00C62D8A1}.Debug|Any CPU.ActiveCfg = Debug|Any CPU
		{1098E43C-E135-4ED6-B5E6-C4C00C62D8A1}.Debug|Any CPU.Build.0 = Debug|Any CPU
		{1098E43C-E135-4ED6-B5E6-C4C00C62D8A1}.Release|Any CPU.ActiveCfg = Release|Any CPU
		{1098E43C-E135-4ED6-B5E6-C4C00C62D8A1}.Release|Any CPU.Build.0 = Release|Any CPU
		{693469DC-4C15-4E3B-9334-E8A2B75D54EB}.Debug|Any CPU.ActiveCfg = Debug|Any CPU
		{693469DC-4C15-4E3B-9334-E8A2B75D54EB}.Debug|Any CPU.Build.0 = Debug|Any CPU
		{693469DC-4C15-4E3B-9334-E8A2B75D54EB}.Release|Any CPU.ActiveCfg = Release|Any CPU
		{693469DC-4C15-4E3B-9334-E8A2B75D54EB}.Release|Any CPU.Build.0 = Release|Any CPU
		{0680D55E-73A6-4A06-A63F-CC5DBAFFE85F}.Debug|Any CPU.ActiveCfg = Debug|Any CPU
		{0680D55E-73A6-4A06-A63F-CC5DBAFFE85F}.Debug|Any CPU.Build.0 = Debug|Any CPU
		{0680D55E-73A6-4A06-A63F-CC5DBAFFE85F}.Release|Any CPU.ActiveCfg = Release|Any CPU
		{0680D55E-73A6-4A06-A63F-CC5DBAFFE85F}.Release|Any CPU.Build.0 = Release|Any CPU
		{697EC796-2B48-4A70-B541-A7A67B1E1AA0}.Debug|Any CPU.ActiveCfg = Debug|Any CPU
		{697EC796-2B48-4A70-B541-A7A67B1E1AA0}.Debug|Any CPU.Build.0 = Debug|Any CPU
		{697EC796-2B48-4A70-B541-A7A67B1E1AA0}.Release|Any CPU.ActiveCfg = Release|Any CPU
		{697EC796-2B48-4A70-B541-A7A67B1E1AA0}.Release|Any CPU.Build.0 = Release|Any CPU
	EndGlobalSection
	GlobalSection(SolutionProperties) = preSolution
		HideSolutionNode = FALSE
	EndGlobalSection
	GlobalSection(ExtensibilityGlobals) = postSolution
		SolutionGuid = {D00F221D-BC41-4BB2-94A8-960BF9F66D70}
	EndGlobalSection
EndGlobal
